
Microsoft Visual Studio Solution File, Format Version 12.00
# Visual Studio Version 16
VisualStudioVersion = 16.0.30011.22
MinimumVisualStudioVersion = 10.0.40219.1
Project("{FAE04EC0-301F-11D3-BF4B-00C04F79EFBC}") = "ResourceMonHost", "ResourceMonHost\ResourceMonHost.csproj", "{BD3673C3-64B3-4376-89D3-0C4ECDBA53D8}"
EndProject
Project("{FAE04EC0-301F-11D3-BF4B-00C04F79EFBC}") = "JavascriptClient", "JavascriptClient\JavascriptClient.csproj", "{44F4CC6C-9102-4B0F-85C0-CEB85759AAF1}"
EndProject
Project("{FAE04EC0-301F-11D3-BF4B-00C04F79EFBC}") = "ResMonClientTst.Android", "ResMonClientTst\ResMonClientTst.Android\ResMonClientTst.Android.csproj", "{B1758417-BC62-427A-93C5-B79098D48BB6}"
EndProject
Project("{9A19103F-16F7-4668-BE54-9A1E7A4F7556}") = "ResMonClientTst", "ResMonClientTst\ResMonClientTst\ResMonClientTst.csproj", "{12F31A5A-4A82-40D2-82A2-51BD201B77C5}"
EndProject
Global
	GlobalSection(SolutionConfigurationPlatforms) = preSolution
		Debug|Any CPU = Debug|Any CPU
		Release|Any CPU = Release|Any CPU
	EndGlobalSection
	GlobalSection(ProjectConfigurationPlatforms) = postSolution
		{BD3673C3-64B3-4376-89D3-0C4ECDBA53D8}.Debug|Any CPU.ActiveCfg = Debug|Any CPU
		{BD3673C3-64B3-4376-89D3-0C4ECDBA53D8}.Debug|Any CPU.Build.0 = Debug|Any CPU
		{BD3673C3-64B3-4376-89D3-0C4ECDBA53D8}.Release|Any CPU.ActiveCfg = Release|Any CPU
		{BD3673C3-64B3-4376-89D3-0C4ECDBA53D8}.Release|Any CPU.Build.0 = Release|Any CPU
		{44F4CC6C-9102-4B0F-85C0-CEB85759AAF1}.Debug|Any CPU.ActiveCfg = Debug|Any CPU
		{44F4CC6C-9102-4B0F-85C0-CEB85759AAF1}.Debug|Any CPU.Build.0 = Debug|Any CPU
		{44F4CC6C-9102-4B0F-85C0-CEB85759AAF1}.Release|Any CPU.ActiveCfg = Release|Any CPU
		{44F4CC6C-9102-4B0F-85C0-CEB85759AAF1}.Release|Any CPU.Build.0 = Release|Any CPU
		{B1758417-BC62-427A-93C5-B79098D48BB6}.Debug|Any CPU.ActiveCfg = Debug|Any CPU
		{B1758417-BC62-427A-93C5-B79098D48BB6}.Debug|Any CPU.Build.0 = Debug|Any CPU
		{B1758417-BC62-427A-93C5-B79098D48BB6}.Debug|Any CPU.Deploy.0 = Debug|Any CPU
		{B1758417-BC62-427A-93C5-B79098D48BB6}.Release|Any CPU.ActiveCfg = Release|Any CPU
		{B1758417-BC62-427A-93C5-B79098D48BB6}.Release|Any CPU.Build.0 = Release|Any CPU
		{B1758417-BC62-427A-93C5-B79098D48BB6}.Release|Any CPU.Deploy.0 = Release|Any CPU
		{12F31A5A-4A82-40D2-82A2-51BD201B77C5}.Debug|Any CPU.ActiveCfg = Debug|Any CPU
		{12F31A5A-4A82-40D2-82A2-51BD201B77C5}.Debug|Any CPU.Build.0 = Debug|Any CPU
		{12F31A5A-4A82-40D2-82A2-51BD201B77C5}.Debug|Any CPU.Deploy.0 = Debug|Any CPU
		{12F31A5A-4A82-40D2-82A2-51BD201B77C5}.Release|Any CPU.ActiveCfg = Release|Any CPU
		{12F31A5A-4A82-40D2-82A2-51BD201B77C5}.Release|Any CPU.Build.0 = Release|Any CPU
		{12F31A5A-4A82-40D2-82A2-51BD201B77C5}.Release|Any CPU.Deploy.0 = Release|Any CPU
	EndGlobalSection
	GlobalSection(SolutionProperties) = preSolution
		HideSolutionNode = FALSE
	EndGlobalSection
	GlobalSection(ExtensibilityGlobals) = postSolution
		SolutionGuid = {7D469D0B-3F0E-4802-9E19-F3BE502BB293}
	EndGlobalSection
EndGlobal
